// !$*UTF8*$!
{
	archiveVersion = 1;
	classes = {
	};
	objectVersion = 50;
	objects = {

/* Begin PBXBuildFile section */
		FFED1EB72264150C00975B43 /* AppDelegate.swift in Sources */ = {isa = PBXBuildFile; fileRef = FFED1EB62264150C00975B43 /* AppDelegate.swift */; };
		FFED1EB92264150C00975B43 /* ViewController.swift in Sources */ = {isa = PBXBuildFile; fileRef = FFED1EB82264150C00975B43 /* ViewController.swift */; };
		FFED1EBC2264150C00975B43 /* Main.storyboard in Resources */ = {isa = PBXBuildFile; fileRef = FFED1EBA2264150C00975B43 /* Main.storyboard */; };
		FFED1EBE2264150F00975B43 /* Assets.xcassets in Resources */ = {isa = PBXBuildFile; fileRef = FFED1EBD2264150F00975B43 /* Assets.xcassets */; };
		FFED1EC12264150F00975B43 /* LaunchScreen.storyboard in Resources */ = {isa = PBXBuildFile; fileRef = FFED1EBF2264150F00975B43 /* LaunchScreen.storyboard */; };
		FFED1ECC2264150F00975B43 /* class03Tests.swift in Sources */ = {isa = PBXBuildFile; fileRef = FFED1ECB2264150F00975B43 /* class03Tests.swift */; };
		FFED1ED72264150F00975B43 /* class03UITests.swift in Sources */ = {isa = PBXBuildFile; fileRef = FFED1ED62264150F00975B43 /* class03UITests.swift */; };
/* End PBXBuildFile section */

/* Begin PBXContainerItemProxy section */
		FFED1EC82264150F00975B43 /* PBXContainerItemProxy */ = {
			isa = PBXContainerItemProxy;
			containerPortal = FFED1EAB2264150C00975B43 /* Project object */;
			proxyType = 1;
			remoteGlobalIDString = FFED1EB22264150C00975B43;
			remoteInfo = class03;
		};
		FFED1ED32264150F00975B43 /* PBXContainerItemProxy */ = {
			isa = PBXContainerItemProxy;
			containerPortal = FFED1EAB2264150C00975B43 /* Project object */;
			proxyType = 1;
			remoteGlobalIDString = FFED1EB22264150C00975B43;
			remoteInfo = class03;
		};
/* End PBXContainerItemProxy section */

/* Begin PBXFileReference section */
		FFED1EB32264150C00975B43 /* class03.app */ = {isa = PBXFileReference; explicitFileType = wrapper.application; includeInIndex = 0; path = class03.app; sourceTree = BUILT_PRODUCTS_DIR; };
		FFED1EB62264150C00975B43 /* AppDelegate.swift */ = {isa = PBXFileReference; lastKnownFileType = sourcecode.swift; path = AppDelegate.swift; sourceTree = "<group>"; };
		FFED1EB82264150C00975B43 /* ViewController.swift */ = {isa = PBXFileReference; lastKnownFileType = sourcecode.swift; path = ViewController.swift; sourceTree = "<group>"; };
		FFED1EBB2264150C00975B43 /* Base */ = {isa = PBXFileReference; lastKnownFileType = file.storyboard; name = Base; path = Base.lproj/Main.storyboard; sourceTree = "<group>"; };
		FFED1EBD2264150F00975B43 /* Assets.xcassets */ = {isa = PBXFileReference; lastKnownFileType = folder.assetcatalog; path = Assets.xcassets; sourceTree = "<group>"; };
		FFED1EC02264150F00975B43 /* Base */ = {isa = PBXFileReference; lastKnownFileType = file.storyboard; name = Base; path = Base.lproj/LaunchScreen.storyboard; sourceTree = "<group>"; };
		FFED1EC22264150F00975B43 /* Info.plist */ = {isa = PBXFileReference; lastKnownFileType = text.plist.xml; path = Info.plist; sourceTree = "<group>"; };
		FFED1EC72264150F00975B43 /* class03Tests.xctest */ = {isa = PBXFileReference; explicitFileType = wrapper.cfbundle; includeInIndex = 0; path = class03Tests.xctest; sourceTree = BUILT_PRODUCTS_DIR; };
		FFED1ECB2264150F00975B43 /* class03Tests.swift */ = {isa = PBXFileReference; lastKnownFileType = sourcecode.swift; path = class03Tests.swift; sourceTree = "<group>"; };
		FFED1ECD2264150F00975B43 /* Info.plist */ = {isa = PBXFileReference; lastKnownFileType = text.plist.xml; path = Info.plist; sourceTree = "<group>"; };
		FFED1ED22264150F00975B43 /* class03UITests.xctest */ = {isa = PBXFileReference; explicitFileType = wrapper.cfbundle; includeInIndex = 0; path = class03UITests.xctest; sourceTree = BUILT_PRODUCTS_DIR; };
		FFED1ED62264150F00975B43 /* class03UITests.swift */ = {isa = PBXFileReference; lastKnownFileType = sourcecode.swift; path = class03UITests.swift; sourceTree = "<group>"; };
		FFED1ED82264150F00975B43 /* Info.plist */ = {isa = PBXFileReference; lastKnownFileType = text.plist.xml; path = Info.plist; sourceTree = "<group>"; };
/* End PBXFileReference section */

/* Begin PBXFrameworksBuildPhase section */
		FFED1EB02264150C00975B43 /* Frameworks */ = {
			isa = PBXFrameworksBuildPhase;
			buildActionMask = 2147483647;
			files = (
			);
			runOnlyForDeploymentPostprocessing = 0;
		};
		FFED1EC42264150F00975B43 /* Frameworks */ = {
			isa = PBXFrameworksBuildPhase;
			buildActionMask = 2147483647;
			files = (
			);
			runOnlyForDeploymentPostprocessing = 0;
		};
		FFED1ECF2264150F00975B43 /* Frameworks */ = {
			isa = PBXFrameworksBuildPhase;
			buildActionMask = 2147483647;
			files = (
			);
			runOnlyForDeploymentPostprocessing = 0;
		};
/* End PBXFrameworksBuildPhase section */

/* Begin PBXGroup section */
		FFED1EAA2264150C00975B43 = {
			isa = PBXGroup;
			children = (
				FFED1EB52264150C00975B43 /* class03 */,
				FFED1ECA2264150F00975B43 /* class03Tests */,
				FFED1ED52264150F00975B43 /* class03UITests */,
				FFED1EB42264150C00975B43 /* Products */,
			);
			sourceTree = "<group>";
		};
		FFED1EB42264150C00975B43 /* Products */ = {
			isa = PBXGroup;
			children = (
				FFED1EB32264150C00975B43 /* class03.app */,
				FFED1EC72264150F00975B43 /* class03Tests.xctest */,
				FFED1ED22264150F00975B43 /* class03UITests.xctest */,
			);
			name = Products;
			sourceTree = "<group>";
		};
		FFED1EB52264150C00975B43 /* class03 */ = {
			isa = PBXGroup;
			children = (
				FFED1EB62264150C00975B43 /* AppDelegate.swift */,
				FFED1EB82264150C00975B43 /* ViewController.swift */,
				FFED1EBA2264150C00975B43 /* Main.storyboard */,
				FFED1EBD2264150F00975B43 /* Assets.xcassets */,
				FFED1EBF2264150F00975B43 /* LaunchScreen.storyboard */,
				FFED1EC22264150F00975B43 /* Info.plist */,
			);
			path = class03;
			sourceTree = "<group>";
		};
		FFED1ECA2264150F00975B43 /* class03Tests */ = {
			isa = PBXGroup;
			children = (
				FFED1ECB2264150F00975B43 /* class03Tests.swift */,
				FFED1ECD2264150F00975B43 /* Info.plist */,
			);
			path = class03Tests;
			sourceTree = "<group>";
		};
		FFED1ED52264150F00975B43 /* class03UITests */ = {
			isa = PBXGroup;
			children = (
				FFED1ED62264150F00975B43 /* class03UITests.swift */,
				FFED1ED82264150F00975B43 /* Info.plist */,
			);
			path = class03UITests;
			sourceTree = "<group>";
		};
/* End PBXGroup section */

/* Begin PBXNativeTarget section */
		FFED1EB22264150C00975B43 /* class03 */ = {
			isa = PBXNativeTarget;
			buildConfigurationList = FFED1EDB2264150F00975B43 /* Build configuration list for PBXNativeTarget "class03" */;
			buildPhases = (
				FFED1EAF2264150C00975B43 /* Sources */,
				FFED1EB02264150C00975B43 /* Frameworks */,
				FFED1EB12264150C00975B43 /* Resources */,
			);
			buildRules = (
			);
			dependencies = (
			);
			name = class03;
			productName = class03;
			productReference = FFED1EB32264150C00975B43 /* class03.app */;
			productType = "com.apple.product-type.application";
		};
		FFED1EC62264150F00975B43 /* class03Tests */ = {
			isa = PBXNativeTarget;
			buildConfigurationList = FFED1EDE2264150F00975B43 /* Build configuration list for PBXNativeTarget "class03Tests" */;
			buildPhases = (
				FFED1EC32264150F00975B43 /* Sources */,
				FFED1EC42264150F00975B43 /* Frameworks */,
				FFED1EC52264150F00975B43 /* Resources */,
			);
			buildRules = (
			);
			dependencies = (
				FFED1EC92264150F00975B43 /* PBXTargetDependency */,
			);
			name = class03Tests;
			productName = class03Tests;
			productReference = FFED1EC72264150F00975B43 /* class03Tests.xctest */;
			productType = "com.apple.product-type.bundle.unit-test";
		};
		FFED1ED12264150F00975B43 /* class03UITests */ = {
			isa = PBXNativeTarget;
			buildConfigurationList = FFED1EE12264150F00975B43 /* Build configuration list for PBXNativeTarget "class03UITests" */;
			buildPhases = (
				FFED1ECE2264150F00975B43 /* Sources */,
				FFED1ECF2264150F00975B43 /* Frameworks */,
				FFED1ED02264150F00975B43 /* Resources */,
			);
			buildRules = (
			);
			dependencies = (
				FFED1ED42264150F00975B43 /* PBXTargetDependency */,
			);
			name = class03UITests;
			productName = class03UITests;
			productReference = FFED1ED22264150F00975B43 /* class03UITests.xctest */;
			productType = "com.apple.product-type.bundle.ui-testing";
		};
/* End PBXNativeTarget section */

/* Begin PBXProject section */
		FFED1EAB2264150C00975B43 /* Project object */ = {
			isa = PBXProject;
			attributes = {
				LastSwiftUpdateCheck = 1010;
				LastUpgradeCheck = 1010;
				ORGANIZATIONNAME = cjcu.edu.tw;
				TargetAttributes = {
					FFED1EB22264150C00975B43 = {
						CreatedOnToolsVersion = 10.1;
					};
					FFED1EC62264150F00975B43 = {
						CreatedOnToolsVersion = 10.1;
						TestTargetID = FFED1EB22264150C00975B43;
					};
					FFED1ED12264150F00975B43 = {
						CreatedOnToolsVersion = 10.1;
						TestTargetID = FFED1EB22264150C00975B43;
					};
				};
			};
			buildConfigurationList = FFED1EAE2264150C00975B43 /* Build configuration list for PBXProject "class03" */;
			compatibilityVersion = "Xcode 9.3";
			developmentRegion = en;
			hasScannedForEncodings = 0;
			knownRegions = (
				en,
				Base,
			);
			mainGroup = FFED1EAA2264150C00975B43;
			productRefGroup = FFED1EB42264150C00975B43 /* Products */;
			projectDirPath = "";
			projectRoot = "";
			targets = (
				FFED1EB22264150C00975B43 /* class03 */,
				FFED1EC62264150F00975B43 /* class03Tests */,
				FFED1ED12264150F00975B43 /* class03UITests */,
			);
		};
/* End PBXProject section */

/* Begin PBXResourcesBuildPhase section */
		FFED1EB12264150C00975B43 /* Resources */ = {
			isa = PBXResourcesBuildPhase;
			buildActionMask = 2147483647;
			files = (
				FFED1EC12264150F00975B43 /* LaunchScreen.storyboard in Resources */,
				FFED1EBE2264150F00975B43 /* Assets.xcassets in Resources */,
				FFED1EBC2264150C00975B43 /* Main.storyboard in Resources */,
			);
			runOnlyForDeploymentPostprocessing = 0;
		};
		FFED1EC52264150F00975B43 /* Resources */ = {
			isa = PBXResourcesBuildPhase;
			buildActionMask = 2147483647;
			files = (
			);
			runOnlyForDeploymentPostprocessing = 0;
		};
		FFED1ED02264150F00975B43 /* Resources */ = {
			isa = PBXResourcesBuildPhase;
			buildActionMask = 2147483647;
			files = (
			);
			runOnlyForDeploymentPostprocessing = 0;
		};
/* End PBXResourcesBuildPhase section */

/* Begin PBXSourcesBuildPhase section */
		FFED1EAF2264150C00975B43 /* Sources */ = {
			isa = PBXSourcesBuildPhase;
			buildActionMask = 2147483647;
			files = (
				FFED1EB92264150C00975B43 /* ViewController.swift in Sources */,
				FFED1EB72264150C00975B43 /* AppDelegate.swift in Sources */,
			);
			runOnlyForDeploymentPostprocessing = 0;
		};
		FFED1EC32264150F00975B43 /* Sources */ = {
			isa = PBXSourcesBuildPhase;
			buildActionMask = 2147483647;
			files = (
				FFED1ECC2264150F00975B43 /* class03Tests.swift in Sources */,
			);
			runOnlyForDeploymentPostprocessing = 0;
		};
		FFED1ECE2264150F00975B43 /* Sources */ = {
			isa = PBXSourcesBuildPhase;
			buildActionMask = 2147483647;
			files = (
				FFED1ED72264150F00975B43 /* class03UITests.swift in Sources */,
			);
			runOnlyForDeploymentPostprocessing = 0;
		};
/* End PBXSourcesBuildPhase section */

/* Begin PBXTargetDependency section */
		FFED1EC92264150F00975B43 /* PBXTargetDependency */ = {
			isa = PBXTargetDependency;
			target = FFED1EB22264150C00975B43 /* class03 */;
			targetProxy = FFED1EC82264150F00975B43 /* PBXContainerItemProxy */;
		};
		FFED1ED42264150F00975B43 /* PBXTargetDependency */ = {
			isa = PBXTargetDependency;
			target = FFED1EB22264150C00975B43 /* class03 */;
			targetProxy = FFED1ED32264150F00975B43 /* PBXContainerItemProxy */;
		};
/* End PBXTargetDependency section */

/* Begin PBXVariantGroup section */
		FFED1EBA2264150C00975B43 /* Main.storyboard */ = {
			isa = PBXVariantGroup;
			children = (
				FFED1EBB2264150C00975B43 /* Base */,
			);
			name = Main.storyboard;
			sourceTree = "<group>";
		};
		FFED1EBF2264150F00975B43 /* LaunchScreen.storyboard */ = {
			isa = PBXVariantGroup;
			children = (
				FFED1EC02264150F00975B43 /* Base */,
			);
			name = LaunchScreen.storyboard;
			sourceTree = "<group>";
		};
/* End PBXVariantGroup section */

/* Begin XCBuildConfiguration section */
		FFED1ED92264150F00975B43 /* Debug */ = {
			isa = XCBuildConfiguration;
			buildSettings = {
				ALWAYS_SEARCH_USER_PATHS = NO;
				CLANG_ANALYZER_NONNULL = YES;
				CLANG_ANALYZER_NUMBER_OBJECT_CONVERSION = YES_AGGRESSIVE;
				CLANG_CXX_LANGUAGE_STANDARD = "gnu++14";
				CLANG_CXX_LIBRARY = "libc++";
				CLANG_ENABLE_MODULES = YES;
				CLANG_ENABLE_OBJC_ARC = YES;
				CLANG_ENABLE_OBJC_WEAK = YES;
				CLANG_WARN_BLOCK_CAPTURE_AUTORELEASING = YES;
				CLANG_WARN_BOOL_CONVERSION = YES;
				CLANG_WARN_COMMA = YES;
				CLANG_WARN_CONSTANT_CONVERSION = YES;
				CLANG_WARN_DEPRECATED_OBJC_IMPLEMENTATIONS = YES;
				CLANG_WARN_DIRECT_OBJC_ISA_USAGE = YES_ERROR;
				CLANG_WARN_DOCUMENTATION_COMMENTS = YES;
				CLANG_WARN_EMPTY_BODY = YES;
				CLANG_WARN_ENUM_CONVERSION = YES;
				CLANG_WARN_INFINITE_RECURSION = YES;
				CLANG_WARN_INT_CONVERSION = YES;
				CLANG_WARN_NON_LITERAL_NULL_CONVERSION = YES;
				CLANG_WARN_OBJC_IMPLICIT_RETAIN_SELF = YES;
				CLANG_WARN_OBJC_LITERAL_CONVERSION = YES;
				CLANG_WARN_OBJC_ROOT_CLASS = YES_ERROR;
				CLANG_WARN_RANGE_LOOP_ANALYSIS = YES;
				CLANG_WARN_STRICT_PROTOTYPES = YES;
				CLANG_WARN_SUSPICIOUS_MOVE = YES;
				CLANG_WARN_UNGUARDED_AVAILABILITY = YES_AGGRESSIVE;
				CLANG_WARN_UNREACHABLE_CODE = YES;
				CLANG_WARN__DUPLICATE_METHOD_MATCH = YES;
				CODE_SIGN_IDENTITY = "iPhone Developer";
				COPY_PHASE_STRIP = NO;
				DEBUG_INFORMATION_FORMAT = dwarf;
				ENABLE_STRICT_OBJC_MSGSEND = YES;
				ENABLE_TESTABILITY = YES;
				GCC_C_LANGUAGE_STANDARD = gnu11;
				GCC_DYNAMIC_NO_PIC = NO;
				GCC_NO_COMMON_BLOCKS = YES;
				GCC_OPTIMIZATION_LEVEL = 0;
				GCC_PREPROCESSOR_DEFINITIONS = (
					"DEBUG=1",
					"$(inherited)",
				);
				GCC_WARN_64_TO_32_BIT_CONVERSION = YES;
				GCC_WARN_ABOUT_RETURN_TYPE = YES_ERROR;
				GCC_WARN_UNDECLARED_SELECTOR = YES;
				GCC_WARN_UNINITIALIZED_AUTOS = YES_AGGRESSIVE;
				GCC_WARN_UNUSED_FUNCTION = YES;
				GCC_WARN_UNUSED_VARIABLE = YES;
				IPHONEOS_DEPLOYMENT_TARGET = 12.1;
				MTL_ENABLE_DEBUG_INFO = INCLUDE_SOURCE;
				MTL_FAST_MATH = YES;
				ONLY_ACTIVE_ARCH = YES;
				SDKROOT = iphoneos;
				SWIFT_ACTIVE_COMPILATION_CONDITIONS = DEBUG;
				SWIFT_OPTIMIZATION_LEVEL = "-Onone";
			};
			name = Debug;
		};
		FFED1EDA2264150F00975B43 /* Release */ = {
			isa = XCBuildConfiguration;
			buildSettings = {
				ALWAYS_SEARCH_USER_PATHS = NO;
				CLANG_ANALYZER_NONNULL = YES;
				CLANG_ANALYZER_NUMBER_OBJECT_CONVERSION = YES_AGGRESSIVE;
				CLANG_CXX_LANGUAGE_STANDARD = "gnu++14";
				CLANG_CXX_LIBRARY = "libc++";
				CLANG_ENABLE_MODULES = YES;
				CLANG_ENABLE_OBJC_ARC = YES;
				CLANG_ENABLE_OBJC_WEAK = YES;
				CLANG_WARN_BLOCK_CAPTURE_AUTORELEASING = YES;
				CLANG_WARN_BOOL_CONVERSION = YES;
				CLANG_WARN_COMMA = YES;
				CLANG_WARN_CONSTANT_CONVERSION = YES;
				CLANG_WARN_DEPRECATED_OBJC_IMPLEMENTATIONS = YES;
				CLANG_WARN_DIRECT_OBJC_ISA_USAGE = YES_ERROR;
				CLANG_WARN_DOCUMENTATION_COMMENTS = YES;
				CLANG_WARN_EMPTY_BODY = YES;
				CLANG_WARN_ENUM_CONVERSION = YES;
				CLANG_WARN_INFINITE_RECURSION = YES;
				CLANG_WARN_INT_CONVERSION = YES;
				CLANG_WARN_NON_LITERAL_NULL_CONVERSION = YES;
				CLANG_WARN_OBJC_IMPLICIT_RETAIN_SELF = YES;
				CLANG_WARN_OBJC_LITERAL_CONVERSION = YES;
				CLANG_WARN_OBJC_ROOT_CLASS = YES_ERROR;
				CLANG_WARN_RANGE_LOOP_ANALYSIS = YES;
				CLANG_WARN_STRICT_PROTOTYPES = YES;
				CLANG_WARN_SUSPICIOUS_MOVE = YES;
				CLANG_WARN_UNGUARDED_AVAILABILITY = YES_AGGRESSIVE;
				CLANG_WARN_UNREACHABLE_CODE = YES;
				CLANG_WARN__DUPLICATE_METHOD_MATCH = YES;
				CODE_SIGN_IDENTITY = "iPhone Developer";
				COPY_PHASE_STRIP = NO;
				DEBUG_INFORMATION_FORMAT = "dwarf-with-dsym";
				ENABLE_NS_ASSERTIONS = NO;
				ENABLE_STRICT_OBJC_MSGSEND = YES;
				GCC_C_LANGUAGE_STANDARD = gnu11;
				GCC_NO_COMMON_BLOCKS = YES;
				GCC_WARN_64_TO_32_BIT_CONVERSION = YES;
				GCC_WARN_ABOUT_RETURN_TYPE = YES_ERROR;
				GCC_WARN_UNDECLARED_SELECTOR = YES;
				GCC_WARN_UNINITIALIZED_AUTOS = YES_AGGRESSIVE;
				GCC_WARN_UNUSED_FUNCTION = YES;
				GCC_WARN_UNUSED_VARIABLE = YES;
				IPHONEOS_DEPLOYMENT_TARGET = 12.1;
				MTL_ENABLE_DEBUG_INFO = NO;
				MTL_FAST_MATH = YES;
				SDKROOT = iphoneos;
				SWIFT_COMPILATION_MODE = wholemodule;
				SWIFT_OPTIMIZATION_LEVEL = "-O";
				VALIDATE_PRODUCT = YES;
			};
			name = Release;
		};
		FFED1EDC2264150F00975B43 /* Debug */ = {
			isa = XCBuildConfiguration;
			buildSettings = {
				ASSETCATALOG_COMPILER_APPICON_NAME = AppIcon;
				CODE_SIGN_STYLE = Automatic;
				INFOPLIST_FILE = class03/Info.plist;
				LD_RUNPATH_SEARCH_PATHS = (
					"$(inherited)",
					"@executable_path/Frameworks",
				);
				PRODUCT_BUNDLE_IDENTIFIER = cjcu.edu.tw.class03;
				PRODUCT_NAME = "$(TARGET_NAME)";
				SWIFT_VERSION = 4.2;
				TARGETED_DEVICE_FAMILY = "1,2";
			};
			name = Debug;
		};
		FFED1EDD2264150F00975B43 /* Release */ = {
			isa = XCBuildConfiguration;
			buildSettings = {
				ASSETCATALOG_COMPILER_APPICON_NAME = AppIcon;
				CODE_SIGN_STYLE = Automatic;
				INFOPLIST_FILE = class03/Info.plist;
				LD_RUNPATH_SEARCH_PATHS = (
					"$(inherited)",
					"@executable_path/Frameworks",
				);
				PRODUCT_BUNDLE_IDENTIFIER = cjcu.edu.tw.class03;
				PRODUCT_NAME = "$(TARGET_NAME)";
				SWIFT_VERSION = 4.2;
				TARGETED_DEVICE_FAMILY = "1,2";
			};
			name = Release;
		};
		FFED1EDF2264150F00975B43 /* Debug */ = {
			isa = XCBuildConfiguration;
			buildSettings = {
				ALWAYS_EMBED_SWIFT_STANDARD_LIBRARIES = YES;
				BUNDLE_LOADER = "$(TEST_HOST)";
				CODE_SIGN_STYLE = Automatic;
				INFOPLIST_FILE = class03Tests/Info.plist;
				LD_RUNPATH_SEARCH_PATHS = (
					"$(inherited)",
					"@executable_path/Frameworks",
					"@loader_path/Frameworks",
				);
				PRODUCT_BUNDLE_IDENTIFIER = cjcu.edu.tw.class03Tests;
				PRODUCT_NAME = "$(TARGET_NAME)";
				SWIFT_VERSION = 4.2;
				TARGETED_DEVICE_FAMILY = "1,2";
				TEST_HOST = "$(BUILT_PRODUCTS_DIR)/class03.app/class03";
			};
			name = Debug;
		};
		FFED1EE02264150F00975B43 /* Release */ = {
			isa = XCBuildConfiguration;
			buildSettings = {
				ALWAYS_EMBED_SWIFT_STANDARD_LIBRARIES = YES;
				BUNDLE_LOADER = "$(TEST_HOST)";
				CODE_SIGN_STYLE = Automatic;
				INFOPLIST_FILE = class03Tests/Info.plist;
				LD_RUNPATH_SEARCH_PATHS = (
					"$(inherited)",
					"@executable_path/Frameworks",
					"@loader_path/Frameworks",
				);
				PRODUCT_BUNDLE_IDENTIFIER = cjcu.edu.tw.class03Tests;
				PRODUCT_NAME = "$(TARGET_NAME)";
				SWIFT_VERSION = 4.2;
				TARGETED_DEVICE_FAMILY = "1,2";
				TEST_HOST = "$(BUILT_PRODUCTS_DIR)/class03.app/class03";
			};
			name = Release;
		};
		FFED1EE22264150F00975B43 /* Debug */ = {
			isa = XCBuildConfiguration;
			buildSettings = {
				ALWAYS_EMBED_SWIFT_STANDARD_LIBRARIES = YES;
				CODE_SIGN_STYLE = Automatic;
				INFOPLIST_FILE = class03UITests/Info.plist;
				LD_RUNPATH_SEARCH_PATHS = (
					"$(inherited)",
					"@executable_path/Frameworks",
					"@loader_path/Frameworks",
				);
				PRODUCT_BUNDLE_IDENTIFIER = cjcu.edu.tw.class03UITests;
				PRODUCT_NAME = "$(TARGET_NAME)";
				SWIFT_VERSION = 4.2;
				TARGETED_DEVICE_FAMILY = "1,2";
				TEST_TARGET_NAME = class03;
			};
			name = Debug;
		};
		FFED1EE32264150F00975B43 /* Release */ = {
			isa = XCBuildConfiguration;
			buildSettings = {
				ALWAYS_EMBED_SWIFT_STANDARD_LIBRARIES = YES;
				CODE_SIGN_STYLE = Automatic;
				INFOPLIST_FILE = class03UITests/Info.plist;
				LD_RUNPATH_SEARCH_PATHS = (
					"$(inherited)",
					"@executable_path/Frameworks",
					"@loader_path/Frameworks",
				);
				PRODUCT_BUNDLE_IDENTIFIER = cjcu.edu.tw.class03UITests;
				PRODUCT_NAME = "$(TARGET_NAME)";
				SWIFT_VERSION = 4.2;
				TARGETED_DEVICE_FAMILY = "1,2";
				TEST_TARGET_NAME = class03;
			};
			name = Release;
		};
/* End XCBuildConfiguration section */

/* Begin XCConfigurationList section */
		FFED1EAE2264150C00975B43 /* Build configuration list for PBXProject "class03" */ = {
			isa = XCConfigurationList;
			buildConfigurations = (
				FFED1ED92264150F00975B43 /* Debug */,
				FFED1EDA2264150F00975B43 /* Release */,
			);
			defaultConfigurationIsVisible = 0;
			defaultConfigurationName = Release;
		};
		FFED1EDB2264150F00975B43 /* Build configuration list for PBXNativeTarget "class03" */ = {
			isa = XCConfigurationList;
			buildConfigurations = (
				FFED1EDC2264150F00975B43 /* Debug */,
				FFED1EDD2264150F00975B43 /* Release */,
			);
			defaultConfigurationIsVisible = 0;
			defaultConfigurationName = Release;
		};
		FFED1EDE2264150F00975B43 /* Build configuration list for PBXNativeTarget "class03Tests" */ = {
			isa = XCConfigurationList;
			buildConfigurations = (
				FFED1EDF2264150F00975B43 /* Debug */,
				FFED1EE02264150F00975B43 /* Release */,
			);
			defaultConfigurationIsVisible = 0;
			defaultConfigurationName = Release;
		};
		FFED1EE12264150F00975B43 /* Build configuration list for PBXNativeTarget "class03UITests" */ = {
			isa = XCConfigurationList;
			buildConfigurations = (
				FFED1EE22264150F00975B43 /* Debug */,
				FFED1EE32264150F00975B43 /* Release */,
			);
			defaultConfigurationIsVisible = 0;
			defaultConfigurationName = Release;
		};
/* End XCConfigurationList section */
	};
	rootObject = FFED1EAB2264150C00975B43 /* Project object */;
}
